{
  "originHash" : "1099f3213b6c9a18bb72da7a4436871540920bb771b5a5e618fb75da94b6fb41",
  "pins" : [
    {
      "identity" : "sparkle",
      "kind" : "remoteSourceControl",
      "location" : "https://github.com/sparkle-project/Sparkle",
      "state" : {
        "revision" : "ac2def288cbff5cfc7df3ffef6abdf45b72bcb0a",
        "version" : "2.9.6"
      }
    }
  ],
  "version" : 3
}
